
Microsoft Visual Studio Solution File, Format Version 12.00
# Visual Studio Version 16
VisualStudioVersion = 16.0.30503.244
MinimumVisualStudioVersion = 10.0.40219.1
Project("{FAE04EC0-301F-11D3-BF4B-00C04F79EFBC}") = "Patern State", "Patern State\Patern State.csproj", "{5752CA87-E349-4AD8-A416-F886C8A2594B}"
EndProject
Global
	GlobalSection(SolutionConfigurationPlatforms) = preSolution
		Debug|Any CPU = Debug|Any CPU
		Release|Any CPU = Release|Any CPU
	EndGlobalSection
	GlobalSection(ProjectConfigurationPlatforms) = postSolution
		{5752CA87-E349-4AD8-A416-F886C8A2594B}.Debug|Any CPU.ActiveCfg = Debug|Any CPU
		{5752CA87-E349-4AD8-A416-F886C8A2594B}.Debug|Any CPU.Build.0 = Debug|Any CPU
		{5752CA87-E349-4AD8-A416-F886C8A2594B}.Release|Any CPU.ActiveCfg = Release|Any CPU
		{5752CA87-E349-4AD8-A416-F886C8A2594B}.Release|Any CPU.Build.0 = Release|Any CPU
	EndGlobalSection
	GlobalSection(SolutionProperties) = preSolution
		HideSolutionNode = FALSE
	EndGlobalSection
	GlobalSection(ExtensibilityGlobals) = postSolution
		SolutionGuid = {226E7096-FED0-4166-BB3B-9693EC6377B4}
	EndGlobalSection
EndGlobal
