
Microsoft Visual Studio Solution File, Format Version 12.00
# Visual Studio Version 16
VisualStudioVersion = 16.0.30503.244
MinimumVisualStudioVersion = 10.0.40219.1
Project("{FAE04EC0-301F-11D3-BF4B-00C04F79EFBC}") = "Pattern Observer", "Pattern Observer\Pattern Observer.csproj", "{871891BC-53AD-40FC-A95E-2D76158D3DE6}"
EndProject
Global
	GlobalSection(SolutionConfigurationPlatforms) = preSolution
		Debug|Any CPU = Debug|Any CPU
		Release|Any CPU = Release|Any CPU
	EndGlobalSection
	GlobalSection(ProjectConfigurationPlatforms) = postSolution
		{871891BC-53AD-40FC-A95E-2D76158D3DE6}.Debug|Any CPU.ActiveCfg = Debug|Any CPU
		{871891BC-53AD-40FC-A95E-2D76158D3DE6}.Debug|Any CPU.Build.0 = Debug|Any CPU
		{871891BC-53AD-40FC-A95E-2D76158D3DE6}.Release|Any CPU.ActiveCfg = Release|Any CPU
		{871891BC-53AD-40FC-A95E-2D76158D3DE6}.Release|Any CPU.Build.0 = Release|Any CPU
	EndGlobalSection
	GlobalSection(SolutionProperties) = preSolution
		HideSolutionNode = FALSE
	EndGlobalSection
	GlobalSection(ExtensibilityGlobals) = postSolution
		SolutionGuid = {8DE6F228-16D4-429B-8D23-0864FD9F5F88}
	EndGlobalSection
EndGlobal
